
Microsoft Visual Studio Solution File, Format Version 12.00
# Visual Studio Version 16
VisualStudioVersion = 16.0.31025.194
MinimumVisualStudioVersion = 10.0.40219.1
Project("{8BC9CEB8-8B4A-11D0-8D11-00A0C91BC942}") = "exercise_1", "exercise_1\exercise_1.vcxproj", "{6958228F-11B9-45A7-82D9-ABF45B7B8C01}"
EndProject
Project("{8BC9CEB8-8B4A-11D0-8D11-00A0C91BC942}") = "exercise_3", "exercise_3\exercise_3.vcxproj", "{4310FF0C-74A7-4BE5-ABA9-148FE0B5FC5A}"
EndProject
Project("{8BC9CEB8-8B4A-11D0-8D11-00A0C91BC942}") = "exercise_4", "exercise_4\exercise_4.vcxproj", "{6B9667B2-593A-40ED-896D-BB65B1D9086D}"
EndProject
Project("{8BC9CEB8-8B4A-11D0-8D11-00A0C91BC942}") = "school_journal", "final_project\school_journal\school_journal.vcxproj", "{6594D588-27CB-4C5D-8E50-6449A23D19F7}"
EndProject
Project("{8BC9CEB8-8B4A-11D0-8D11-00A0C91BC942}") = "exercise_5", "exercise_5\exercise_5.vcxproj", "{813314A9-C110-4A17-86C2-83CA7340E785}"
EndProject
Global
	GlobalSection(SolutionConfigurationPlatforms) = preSolution
		debug|x64 = debug|x64
		debug|x86 = debug|x86
		release|x64 = release|x64
		release|x86 = release|x86
	EndGlobalSection
	GlobalSection(ProjectConfigurationPlatforms) = postSolution
		{6958228F-11B9-45A7-82D9-ABF45B7B8C01}.debug|x64.ActiveCfg = debug|x64
		{6958228F-11B9-45A7-82D9-ABF45B7B8C01}.debug|x64.Build.0 = debug|x64
		{6958228F-11B9-45A7-82D9-ABF45B7B8C01}.debug|x86.ActiveCfg = debug|Win32
		{6958228F-11B9-45A7-82D9-ABF45B7B8C01}.debug|x86.Build.0 = debug|Win32
		{6958228F-11B9-45A7-82D9-ABF45B7B8C01}.release|x64.ActiveCfg = release|x64
		{6958228F-11B9-45A7-82D9-ABF45B7B8C01}.release|x64.Build.0 = release|x64
		{6958228F-11B9-45A7-82D9-ABF45B7B8C01}.release|x86.ActiveCfg = release|Win32
		{6958228F-11B9-45A7-82D9-ABF45B7B8C01}.release|x86.Build.0 = release|Win32
		{4310FF0C-74A7-4BE5-ABA9-148FE0B5FC5A}.debug|x64.ActiveCfg = Debug|x64
		{4310FF0C-74A7-4BE5-ABA9-148FE0B5FC5A}.debug|x64.Build.0 = Debug|x64
		{4310FF0C-74A7-4BE5-ABA9-148FE0B5FC5A}.debug|x86.ActiveCfg = Debug|Win32
		{4310FF0C-74A7-4BE5-ABA9-148FE0B5FC5A}.debug|x86.Build.0 = Debug|Win32
		{4310FF0C-74A7-4BE5-ABA9-148FE0B5FC5A}.release|x64.ActiveCfg = Release|x64
		{4310FF0C-74A7-4BE5-ABA9-148FE0B5FC5A}.release|x64.Build.0 = Release|x64
		{4310FF0C-74A7-4BE5-ABA9-148FE0B5FC5A}.release|x86.ActiveCfg = Release|Win32
		{4310FF0C-74A7-4BE5-ABA9-148FE0B5FC5A}.release|x86.Build.0 = Release|Win32
		{6B9667B2-593A-40ED-896D-BB65B1D9086D}.debug|x64.ActiveCfg = Debug|x64
		{6B9667B2-593A-40ED-896D-BB65B1D9086D}.debug|x64.Build.0 = Debug|x64
		{6B9667B2-593A-40ED-896D-BB65B1D9086D}.debug|x86.ActiveCfg = Debug|Win32
		{6B9667B2-593A-40ED-896D-BB65B1D9086D}.debug|x86.Build.0 = Debug|Win32
		{6B9667B2-593A-40ED-896D-BB65B1D9086D}.release|x64.ActiveCfg = Release|x64
		{6B9667B2-593A-40ED-896D-BB65B1D9086D}.release|x64.Build.0 = Release|x64
		{6B9667B2-593A-40ED-896D-BB65B1D9086D}.release|x86.ActiveCfg = Release|Win32
		{6B9667B2-593A-40ED-896D-BB65B1D9086D}.release|x86.Build.0 = Release|Win32
		{6594D588-27CB-4C5D-8E50-6449A23D19F7}.debug|x64.ActiveCfg = debug|x64
		{6594D588-27CB-4C5D-8E50-6449A23D19F7}.debug|x64.Build.0 = debug|x64
		{6594D588-27CB-4C5D-8E50-6449A23D19F7}.debug|x86.ActiveCfg = debug|Win32
		{6594D588-27CB-4C5D-8E50-6449A23D19F7}.debug|x86.Build.0 = debug|Win32
		{6594D588-27CB-4C5D-8E50-6449A23D19F7}.release|x64.ActiveCfg = release|x64
		{6594D588-27CB-4C5D-8E50-6449A23D19F7}.release|x64.Build.0 = release|x64
		{6594D588-27CB-4C5D-8E50-6449A23D19F7}.release|x86.ActiveCfg = release|Win32
		{6594D588-27CB-4C5D-8E50-6449A23D19F7}.release|x86.Build.0 = release|Win32
		{813314A9-C110-4A17-86C2-83CA7340E785}.debug|x64.ActiveCfg = Debug|x64
		{813314A9-C110-4A17-86C2-83CA7340E785}.debug|x64.Build.0 = Debug|x64
		{813314A9-C110-4A17-86C2-83CA7340E785}.debug|x86.ActiveCfg = Debug|Win32
		{813314A9-C110-4A17-86C2-83CA7340E785}.debug|x86.Build.0 = Debug|Win32
		{813314A9-C110-4A17-86C2-83CA7340E785}.release|x64.ActiveCfg = Release|x64
		{813314A9-C110-4A17-86C2-83CA7340E785}.release|x64.Build.0 = Release|x64
		{813314A9-C110-4A17-86C2-83CA7340E785}.release|x86.ActiveCfg = Release|Win32
		{813314A9-C110-4A17-86C2-83CA7340E785}.release|x86.Build.0 = Release|Win32
	EndGlobalSection
	GlobalSection(SolutionProperties) = preSolution
		HideSolutionNode = FALSE
	EndGlobalSection
	GlobalSection(ExtensibilityGlobals) = postSolution
		SolutionGuid = {F057FC20-05B4-404F-B5DE-138C89DB8655}
	EndGlobalSection
EndGlobal
